{
  "name": "src",
  "version": "1.0.0",
  "lockfileVersion": 3,
  "requires": true,
  "packages": {
    "": {
      "name": "src",
      "version": "1.0.0",
      "dependencies": {
        "@types/google.maps": "^3.54.7"
      }
    },
    "node_modules/@types/google.maps": {
      "version": "3.54.7",
      "resolved": "https://registry.npmjs.org/@types/google.maps/-/google.maps-3.54.7.tgz",
      "integrity": "sha512-L4OlEOw7GMdPJb5/eVXH7ZRBILPFaGbthRSOJtnnmDVEBV3Z8Y631whvAuahJyjpld460TuachEftDPXuqSD9A=="
    }
  }
}
